// !$*UTF8*$!
{
	archiveVersion = 1;
	classes = {
	};
	objectVersion = 46;
	objects = {

/* Begin PBXBuildFile section */
		1864276D1DDB6C9200E7B2E3 /* GameWindow.cpp in Sources */ = {isa = PBXBuildFile; fileRef = 1864276B1DDB6C9200E7B2E3 /* GameWindow.cpp */; };
		18687DDB1DDCFDE3009A4B52 /* Sprite.cpp in Sources */ = {isa = PBXBuildFile; fileRef = 18687DD91DDCFDE3009A4B52 /* Sprite.cpp */; };
		18687DDE1DDE11E8009A4B52 /* Vector2.cpp in Sources */ = {isa = PBXBuildFile; fileRef = 18687DDC1DDE11E8009A4B52 /* Vector2.cpp */; };
		18687DE11DDE1D74009A4B52 /* PlayerSprite.cpp in Sources */ = {isa = PBXBuildFile; fileRef = 18687DDF1DDE1D74009A4B52 /* PlayerSprite.cpp */; };
		18687DE41DDE4AFD009A4B52 /* BoundingBox.cpp in Sources */ = {isa = PBXBuildFile; fileRef = 18687DE21DDE4AFD009A4B52 /* BoundingBox.cpp */; };
		18B666491DDA62FD0085EAB1 /* main.cpp in Sources */ = {isa = PBXBuildFile; fileRef = 18B666481DDA62FD0085EAB1 /* main.cpp */; };
		18B666531DDA65060085EAB1 /* OpenGL.framework in Frameworks */ = {isa = PBXBuildFile; fileRef = 18B666521DDA65060085EAB1 /* OpenGL.framework */; };
		18B666551DDA6F470085EAB1 /* libGLEW.2.0.0.dylib in Frameworks */ = {isa = PBXBuildFile; fileRef = 18B666541DDA6F470085EAB1 /* libGLEW.2.0.0.dylib */; };
		18B666571DDA75300085EAB1 /* libglfw.dylib in Frameworks */ = {isa = PBXBuildFile; fileRef = 18B666561DDA75300085EAB1 /* libglfw.dylib */; };
		18F9D3891DDBB9C800DC178B /* rocket_1.tga in CopyFiles */ = {isa = PBXBuildFile; fileRef = 18F9D3881DDBB9A800DC178B /* rocket_1.tga */; };
/* End PBXBuildFile section */

/* Begin PBXCopyFilesBuildPhase section */
		18B666431DDA62FC0085EAB1 /* CopyFiles */ = {
			isa = PBXCopyFilesBuildPhase;
			buildActionMask = 12;
			dstPath = "";
			dstSubfolderSpec = 16;
			files = (
				18F9D3891DDBB9C800DC178B /* rocket_1.tga in CopyFiles */,
			);
			runOnlyForDeploymentPostprocessing = 0;
		};
/* End PBXCopyFilesBuildPhase section */

/* Begin PBXFileReference section */
		1864276B1DDB6C9200E7B2E3 /* GameWindow.cpp */ = {isa = PBXFileReference; fileEncoding = 4; lastKnownFileType = sourcecode.cpp.cpp; path = GameWindow.cpp; sourceTree = "<group>"; };
		1864276C1DDB6C9200E7B2E3 /* GameWindow.hpp */ = {isa = PBXFileReference; fileEncoding = 4; lastKnownFileType = sourcecode.cpp.h; path = GameWindow.hpp; sourceTree = "<group>"; };
		18687DD91DDCFDE3009A4B52 /* Sprite.cpp */ = {isa = PBXFileReference; fileEncoding = 4; lastKnownFileType = sourcecode.cpp.cpp; path = Sprite.cpp; sourceTree = "<group>"; };
		18687DDA1DDCFDE3009A4B52 /* Sprite.hpp */ = {isa = PBXFileReference; fileEncoding = 4; lastKnownFileType = sourcecode.cpp.h; path = Sprite.hpp; sourceTree = "<group>"; };
		18687DDC1DDE11E8009A4B52 /* Vector2.cpp */ = {isa = PBXFileReference; fileEncoding = 4; lastKnownFileType = sourcecode.cpp.cpp; path = Vector2.cpp; sourceTree = "<group>"; };
		18687DDD1DDE11E8009A4B52 /* Vector2.hpp */ = {isa = PBXFileReference; fileEncoding = 4; lastKnownFileType = sourcecode.cpp.h; path = Vector2.hpp; sourceTree = "<group>"; };
		18687DDF1DDE1D74009A4B52 /* PlayerSprite.cpp */ = {isa = PBXFileReference; fileEncoding = 4; lastKnownFileType = sourcecode.cpp.cpp; path = PlayerSprite.cpp; sourceTree = "<group>"; };
		18687DE01DDE1D74009A4B52 /* PlayerSprite.hpp */ = {isa = PBXFileReference; fileEncoding = 4; lastKnownFileType = sourcecode.cpp.h; path = PlayerSprite.hpp; sourceTree = "<group>"; };
		18687DE21DDE4AFD009A4B52 /* BoundingBox.cpp */ = {isa = PBXFileReference; fileEncoding = 4; lastKnownFileType = sourcecode.cpp.cpp; path = BoundingBox.cpp; sourceTree = "<group>"; };
		18687DE31DDE4AFD009A4B52 /* BoundingBox.hpp */ = {isa = PBXFileReference; fileEncoding = 4; lastKnownFileType = sourcecode.cpp.h; path = BoundingBox.hpp; sourceTree = "<group>"; };
		18687DE71DDEF4A3009A4B52 /* Prefix.h */ = {isa = PBXFileReference; fileEncoding = 4; lastKnownFileType = sourcecode.c.h; path = Prefix.h; sourceTree = "<group>"; };
		18B666451DDA62FD0085EAB1 /* SipmleOpenGLGame */ = {isa = PBXFileReference; explicitFileType = "compiled.mach-o.executable"; includeInIndex = 0; path = SipmleOpenGLGame; sourceTree = BUILT_PRODUCTS_DIR; };
		18B666481DDA62FD0085EAB1 /* main.cpp */ = {isa = PBXFileReference; lastKnownFileType = sourcecode.cpp.cpp; path = main.cpp; sourceTree = "<group>"; };
		18B666501DDA64E80085EAB1 /* libglfw3.3.2.dylib */ = {isa = PBXFileReference; lastKnownFileType = "compiled.mach-o.dylib"; name = libglfw3.3.2.dylib; path = ../../../../../usr/local/Cellar/glfw3/3.2.1/lib/libglfw3.3.2.dylib; sourceTree = "<group>"; };
		18B666521DDA65060085EAB1 /* OpenGL.framework */ = {isa = PBXFileReference; lastKnownFileType = wrapper.framework; name = OpenGL.framework; path = System/Library/Frameworks/OpenGL.framework; sourceTree = SDKROOT; };
		18B666541DDA6F470085EAB1 /* libGLEW.2.0.0.dylib */ = {isa = PBXFileReference; lastKnownFileType = "compiled.mach-o.dylib"; name = libGLEW.2.0.0.dylib; path = ../../../../../usr/local/Cellar/glew/2.0.0/lib/libGLEW.2.0.0.dylib; sourceTree = "<group>"; };
		18B666561DDA75300085EAB1 /* libglfw.dylib */ = {isa = PBXFileReference; lastKnownFileType = "compiled.mach-o.dylib"; name = libglfw.dylib; path = ../../../../../usr/local/Cellar/glfw2/2.7.9/lib/libglfw.dylib; sourceTree = "<group>"; };
		18F9D3881DDBB9A800DC178B /* rocket_1.tga */ = {isa = PBXFileReference; lastKnownFileType = file; path = rocket_1.tga; sourceTree = "<group>"; };
/* End PBXFileReference section */

/* Begin PBXFrameworksBuildPhase section */
		18B666421DDA62FC0085EAB1 /* Frameworks */ = {
			isa = PBXFrameworksBuildPhase;
			buildActionMask = 2147483647;
			files = (
				18B666571DDA75300085EAB1 /* libglfw.dylib in Frameworks */,
				18B666551DDA6F470085EAB1 /* libGLEW.2.0.0.dylib in Frameworks */,
				18B666531DDA65060085EAB1 /* OpenGL.framework in Frameworks */,
			);
			runOnlyForDeploymentPostprocessing = 0;
		};
/* End PBXFrameworksBuildPhase section */

/* Begin PBXGroup section */
		18687DD81DDCC741009A4B52 /* Resources */ = {
			isa = PBXGroup;
			children = (
				18F9D3881DDBB9A800DC178B /* rocket_1.tga */,
			);
			name = Resources;
			sourceTree = "<group>";
		};
		18687DE51DDEF3F2009A4B52 /* Vector2 */ = {
			isa = PBXGroup;
			children = (
				18687DDC1DDE11E8009A4B52 /* Vector2.cpp */,
				18687DDD1DDE11E8009A4B52 /* Vector2.hpp */,
			);
			name = Vector2;
			sourceTree = "<group>";
		};
		18687DE61DDEF472009A4B52 /* BoundingBox */ = {
			isa = PBXGroup;
			children = (
				18687DE21DDE4AFD009A4B52 /* BoundingBox.cpp */,
				18687DE31DDE4AFD009A4B52 /* BoundingBox.hpp */,
			);
			name = BoundingBox;
			sourceTree = "<group>";
		};
		18B6663C1DDA62FC0085EAB1 = {
			isa = PBXGroup;
			children = (
				18687DD81DDCC741009A4B52 /* Resources */,
				18B666471DDA62FD0085EAB1 /* SipmleOpenGLGame */,
				18B666461DDA62FD0085EAB1 /* Products */,
				18B6664F1DDA64E80085EAB1 /* Frameworks */,
			);
			sourceTree = "<group>";
		};
		18B666461DDA62FD0085EAB1 /* Products */ = {
			isa = PBXGroup;
			children = (
				18B666451DDA62FD0085EAB1 /* SipmleOpenGLGame */,
			);
			name = Products;
			sourceTree = "<group>";
		};
		18B666471DDA62FD0085EAB1 /* SipmleOpenGLGame */ = {
			isa = PBXGroup;
			children = (
				18687DE61DDEF472009A4B52 /* BoundingBox */,
				18687DE51DDEF3F2009A4B52 /* Vector2 */,
				18687DD91DDCFDE3009A4B52 /* Sprite.cpp */,
				18687DDA1DDCFDE3009A4B52 /* Sprite.hpp */,
				18B666481DDA62FD0085EAB1 /* main.cpp */,
				1864276B1DDB6C9200E7B2E3 /* GameWindow.cpp */,
				1864276C1DDB6C9200E7B2E3 /* GameWindow.hpp */,
				18687DDF1DDE1D74009A4B52 /* PlayerSprite.cpp */,
				18687DE01DDE1D74009A4B52 /* PlayerSprite.hpp */,
				18687DE71DDEF4A3009A4B52 /* Prefix.h */,
			);
			path = SipmleOpenGLGame;
			sourceTree = "<group>";
		};
		18B6664F1DDA64E80085EAB1 /* Frameworks */ = {
			isa = PBXGroup;
			children = (
				18B666561DDA75300085EAB1 /* libglfw.dylib */,
				18B666541DDA6F470085EAB1 /* libGLEW.2.0.0.dylib */,
				18B666521DDA65060085EAB1 /* OpenGL.framework */,
				18B666501DDA64E80085EAB1 /* libglfw3.3.2.dylib */,
			);
			name = Frameworks;
			sourceTree = "<group>";
		};
/* End PBXGroup section */

/* Begin PBXNativeTarget section */
		18B666441DDA62FC0085EAB1 /* SipmleOpenGLGame */ = {
			isa = PBXNativeTarget;
			buildConfigurationList = 18B6664C1DDA62FD0085EAB1 /* Build configuration list for PBXNativeTarget "SipmleOpenGLGame" */;
			buildPhases = (
				18B666411DDA62FC0085EAB1 /* Sources */,
				18B666421DDA62FC0085EAB1 /* Frameworks */,
				18B666431DDA62FC0085EAB1 /* CopyFiles */,
			);
			buildRules = (
			);
			dependencies = (
			);
			name = SipmleOpenGLGame;
			productName = SipmleOpenGLGame;
			productReference = 18B666451DDA62FD0085EAB1 /* SipmleOpenGLGame */;
			productType = "com.apple.product-type.tool";
		};
/* End PBXNativeTarget section */

/* Begin PBXProject section */
		18B6663D1DDA62FC0085EAB1 /* Project object */ = {
			isa = PBXProject;
			attributes = {
				LastUpgradeCheck = 0810;
				ORGANIZATIONNAME = apple;
				TargetAttributes = {
					18B666441DDA62FC0085EAB1 = {
						CreatedOnToolsVersion = 8.1;
						ProvisioningStyle = Automatic;
					};
				};
			};
			buildConfigurationList = 18B666401DDA62FC0085EAB1 /* Build configuration list for PBXProject "SipmleOpenGLGame" */;
			compatibilityVersion = "Xcode 3.2";
			developmentRegion = English;
			hasScannedForEncodings = 0;
			knownRegions = (
				en,
			);
			mainGroup = 18B6663C1DDA62FC0085EAB1;
			productRefGroup = 18B666461DDA62FD0085EAB1 /* Products */;
			projectDirPath = "";
			projectRoot = "";
			targets = (
				18B666441DDA62FC0085EAB1 /* SipmleOpenGLGame */,
			);
		};
/* End PBXProject section */

/* Begin PBXSourcesBuildPhase section */
		18B666411DDA62FC0085EAB1 /* Sources */ = {
			isa = PBXSourcesBuildPhase;
			buildActionMask = 2147483647;
			files = (
				18B666491DDA62FD0085EAB1 /* main.cpp in Sources */,
				18687DDE1DDE11E8009A4B52 /* Vector2.cpp in Sources */,
				1864276D1DDB6C9200E7B2E3 /* GameWindow.cpp in Sources */,
				18687DE41DDE4AFD009A4B52 /* BoundingBox.cpp in Sources */,
				18687DDB1DDCFDE3009A4B52 /* Sprite.cpp in Sources */,
				18687DE11DDE1D74009A4B52 /* PlayerSprite.cpp in Sources */,
			);
			runOnlyForDeploymentPostprocessing = 0;
		};
/* End PBXSourcesBuildPhase section */

/* Begin XCBuildConfiguration section */
		18B6664A1DDA62FD0085EAB1 /* Debug */ = {
			isa = XCBuildConfiguration;
			buildSettings = {
				ALWAYS_SEARCH_USER_PATHS = NO;
				CLANG_ANALYZER_NONNULL = YES;
				CLANG_CXX_LANGUAGE_STANDARD = "gnu++0x";
				CLANG_CXX_LIBRARY = "libc++";
				CLANG_ENABLE_MODULES = YES;
				CLANG_ENABLE_OBJC_ARC = YES;
				CLANG_WARN_BOOL_CONVERSION = YES;
				CLANG_WARN_CONSTANT_CONVERSION = YES;
				CLANG_WARN_DIRECT_OBJC_ISA_USAGE = YES_ERROR;
				CLANG_WARN_DOCUMENTATION_COMMENTS = YES;
				CLANG_WARN_EMPTY_BODY = YES;
				CLANG_WARN_ENUM_CONVERSION = YES;
				CLANG_WARN_INFINITE_RECURSION = YES;
				CLANG_WARN_INT_CONVERSION = YES;
				CLANG_WARN_OBJC_ROOT_CLASS = YES_ERROR;
				CLANG_WARN_SUSPICIOUS_MOVES = YES;
				CLANG_WARN_UNREACHABLE_CODE = YES;
				CLANG_WARN__DUPLICATE_METHOD_MATCH = YES;
				CODE_SIGN_IDENTITY = "-";
				COPY_PHASE_STRIP = NO;
				DEBUG_INFORMATION_FORMAT = dwarf;
				ENABLE_STRICT_OBJC_MSGSEND = YES;
				ENABLE_TESTABILITY = YES;
				GCC_C_LANGUAGE_STANDARD = gnu99;
				GCC_DYNAMIC_NO_PIC = NO;
				GCC_NO_COMMON_BLOCKS = YES;
				GCC_OPTIMIZATION_LEVEL = 0;
				GCC_PREPROCESSOR_DEFINITIONS = (
					"DEBUG=1",
					"$(inherited)",
				);
				GCC_WARN_64_TO_32_BIT_CONVERSION = YES;
				GCC_WARN_ABOUT_RETURN_TYPE = YES_ERROR;
				GCC_WARN_UNDECLARED_SELECTOR = YES;
				GCC_WARN_UNINITIALIZED_AUTOS = YES_AGGRESSIVE;
				GCC_WARN_UNUSED_FUNCTION = YES;
				GCC_WARN_UNUSED_VARIABLE = YES;
				MACOSX_DEPLOYMENT_TARGET = 10.12;
				MTL_ENABLE_DEBUG_INFO = YES;
				ONLY_ACTIVE_ARCH = YES;
				SDKROOT = macosx;
			};
			name = Debug;
		};
		18B6664B1DDA62FD0085EAB1 /* Release */ = {
			isa = XCBuildConfiguration;
			buildSettings = {
				ALWAYS_SEARCH_USER_PATHS = NO;
				CLANG_ANALYZER_NONNULL = YES;
				CLANG_CXX_LANGUAGE_STANDARD = "gnu++0x";
				CLANG_CXX_LIBRARY = "libc++";
				CLANG_ENABLE_MODULES = YES;
				CLANG_ENABLE_OBJC_ARC = YES;
				CLANG_WARN_BOOL_CONVERSION = YES;
				CLANG_WARN_CONSTANT_CONVERSION = YES;
				CLANG_WARN_DIRECT_OBJC_ISA_USAGE = YES_ERROR;
				CLANG_WARN_DOCUMENTATION_COMMENTS = YES;
				CLANG_WARN_EMPTY_BODY = YES;
				CLANG_WARN_ENUM_CONVERSION = YES;
				CLANG_WARN_INFINITE_RECURSION = YES;
				CLANG_WARN_INT_CONVERSION = YES;
				CLANG_WARN_OBJC_ROOT_CLASS = YES_ERROR;
				CLANG_WARN_SUSPICIOUS_MOVES = YES;
				CLANG_WARN_UNREACHABLE_CODE = YES;
				CLANG_WARN__DUPLICATE_METHOD_MATCH = YES;
				CODE_SIGN_IDENTITY = "-";
				COPY_PHASE_STRIP = NO;
				DEBUG_INFORMATION_FORMAT = "dwarf-with-dsym";
				ENABLE_NS_ASSERTIONS = NO;
				ENABLE_STRICT_OBJC_MSGSEND = YES;
				GCC_C_LANGUAGE_STANDARD = gnu99;
				GCC_NO_COMMON_BLOCKS = YES;
				GCC_WARN_64_TO_32_BIT_CONVERSION = YES;
				GCC_WARN_ABOUT_RETURN_TYPE = YES_ERROR;
				GCC_WARN_UNDECLARED_SELECTOR = YES;
				GCC_WARN_UNINITIALIZED_AUTOS = YES_AGGRESSIVE;
				GCC_WARN_UNUSED_FUNCTION = YES;
				GCC_WARN_UNUSED_VARIABLE = YES;
				MACOSX_DEPLOYMENT_TARGET = 10.12;
				MTL_ENABLE_DEBUG_INFO = NO;
				SDKROOT = macosx;
			};
			name = Release;
		};
		18B6664D1DDA62FD0085EAB1 /* Debug */ = {
			isa = XCBuildConfiguration;
			buildSettings = {
				APPLY_RULES_IN_COPY_FILES = NO;
				HEADER_SEARCH_PATHS = (
					/usr/local/include,
					/opt/X11/include,
					/usr/local/Cellar/glew/2.0.0/include,
					/usr/local/Cellar/glfw2/2.7.9/include,
				);
				LIBRARY_SEARCH_PATHS = (
					"$(inherited)",
					/usr/local/lib,
					/opt/X11/lib,
					/usr/local/Cellar/glew/2.0.0/lib,
					/usr/local/Cellar/glfw2/2.7.9/lib,
				);
				MACOSX_DEPLOYMENT_TARGET = 10.12;
				OTHER_LDFLAGS = "-lGLUT";
				PRODUCT_NAME = "$(TARGET_NAME)";
			};
			name = Debug;
		};
		18B6664E1DDA62FD0085EAB1 /* Release */ = {
			isa = XCBuildConfiguration;
			buildSettings = {
				APPLY_RULES_IN_COPY_FILES = NO;
				HEADER_SEARCH_PATHS = (
					/usr/local/include,
					/opt/X11/include,
					/usr/local/Cellar/glew/2.0.0/include,
					/usr/local/Cellar/glfw2/2.7.9/include,
				);
				LIBRARY_SEARCH_PATHS = (
					"$(inherited)",
					/usr/local/lib,
					/opt/X11/lib,
					/usr/local/Cellar/glew/2.0.0/lib,
					/usr/local/Cellar/glfw2/2.7.9/lib,
				);
				MACOSX_DEPLOYMENT_TARGET = 10.12;
				OTHER_LDFLAGS = "-lGLUT";
				PRODUCT_NAME = "$(TARGET_NAME)";
			};
			name = Release;
		};
/* End XCBuildConfiguration section */

/* Begin XCConfigurationList section */
		18B666401DDA62FC0085EAB1 /* Build configuration list for PBXProject "SipmleOpenGLGame" */ = {
			isa = XCConfigurationList;
			buildConfigurations = (
				18B6664A1DDA62FD0085EAB1 /* Debug */,
				18B6664B1DDA62FD0085EAB1 /* Release */,
			);
			defaultConfigurationIsVisible = 0;
			defaultConfigurationName = Release;
		};
		18B6664C1DDA62FD0085EAB1 /* Build configuration list for PBXNativeTarget "SipmleOpenGLGame" */ = {
			isa = XCConfigurationList;
			buildConfigurations = (
				18B6664D1DDA62FD0085EAB1 /* Debug */,
				18B6664E1DDA62FD0085EAB1 /* Release */,
			);
			defaultConfigurationIsVisible = 0;
			defaultConfigurationName = Release;
		};
/* End XCConfigurationList section */
	};
	rootObject = 18B6663D1DDA62FC0085EAB1 /* Project object */;
}
